// !$*UTF8*$!
{
	archiveVersion = 1;
	classes = {
	};
	objectVersion = 50;
	objects = {

/* Begin PBXBuildFile section */
		E851E42926EEF831006EDE82 /* Set.swift in Sources */ = {isa = PBXBuildFile; fileRef = E851E42826EEF831006EDE82 /* Set.swift */; };
		E851E42B26EEF831006EDE82 /* ContentView.swift in Sources */ = {isa = PBXBuildFile; fileRef = E851E42A26EEF831006EDE82 /* ContentView.swift */; };
		E851E42D26EEF832006EDE82 /* Assets.xcassets in Resources */ = {isa = PBXBuildFile; fileRef = E851E42C26EEF832006EDE82 /* Assets.xcassets */; };
		E851E43026EEF832006EDE82 /* Preview Assets.xcassets in Resources */ = {isa = PBXBuildFile; fileRef = E851E42F26EEF832006EDE82 /* Preview Assets.xcassets */; };
		E851E43826EEFA15006EDE82 /* AspectVGrid.swift in Sources */ = {isa = PBXBuildFile; fileRef = E851E43726EEFA15006EDE82 /* AspectVGrid.swift */; };
		E851E43A26EEFA92006EDE82 /* SetGameModel.swift in Sources */ = {isa = PBXBuildFile; fileRef = E851E43926EEFA92006EDE82 /* SetGameModel.swift */; };
		E851E43C26EF05E5006EDE82 /* SetGameViewModel.swift in Sources */ = {isa = PBXBuildFile; fileRef = E851E43B26EF05E5006EDE82 /* SetGameViewModel.swift */; };
/* End PBXBuildFile section */

/* Begin PBXFileReference section */
		E851E42526EEF830006EDE82 /* Set-app.app */ = {isa = PBXFileReference; explicitFileType = wrapper.application; includeInIndex = 0; path = "Set-app.app"; sourceTree = BUILT_PRODUCTS_DIR; };
		E851E42826EEF831006EDE82 /* Set.swift */ = {isa = PBXFileReference; lastKnownFileType = sourcecode.swift; path = Set.swift; sourceTree = "<group>"; };
		E851E42A26EEF831006EDE82 /* ContentView.swift */ = {isa = PBXFileReference; lastKnownFileType = sourcecode.swift; path = ContentView.swift; sourceTree = "<group>"; };
		E851E42C26EEF832006EDE82 /* Assets.xcassets */ = {isa = PBXFileReference; lastKnownFileType = folder.assetcatalog; path = Assets.xcassets; sourceTree = "<group>"; };
		E851E42F26EEF832006EDE82 /* Preview Assets.xcassets */ = {isa = PBXFileReference; lastKnownFileType = folder.assetcatalog; path = "Preview Assets.xcassets"; sourceTree = "<group>"; };
		E851E43126EEF832006EDE82 /* Info.plist */ = {isa = PBXFileReference; lastKnownFileType = text.plist.xml; path = Info.plist; sourceTree = "<group>"; };
		E851E43726EEFA15006EDE82 /* AspectVGrid.swift */ = {isa = PBXFileReference; lastKnownFileType = sourcecode.swift; path = AspectVGrid.swift; sourceTree = "<group>"; };
		E851E43926EEFA92006EDE82 /* SetGameModel.swift */ = {isa = PBXFileReference; lastKnownFileType = sourcecode.swift; path = SetGameModel.swift; sourceTree = "<group>"; };
		E851E43B26EF05E5006EDE82 /* SetGameViewModel.swift */ = {isa = PBXFileReference; lastKnownFileType = sourcecode.swift; path = SetGameViewModel.swift; sourceTree = "<group>"; };
/* End PBXFileReference section */

/* Begin PBXFrameworksBuildPhase section */
		E851E42226EEF830006EDE82 /* Frameworks */ = {
			isa = PBXFrameworksBuildPhase;
			buildActionMask = 2147483647;
			files = (
			);
			runOnlyForDeploymentPostprocessing = 0;
		};
/* End PBXFrameworksBuildPhase section */

/* Begin PBXGroup section */
		E851E41C26EEF830006EDE82 = {
			isa = PBXGroup;
			children = (
				E851E42726EEF830006EDE82 /* Set-app */,
				E851E42626EEF830006EDE82 /* Products */,
			);
			sourceTree = "<group>";
		};
		E851E42626EEF830006EDE82 /* Products */ = {
			isa = PBXGroup;
			children = (
				E851E42526EEF830006EDE82 /* Set-app.app */,
			);
			name = Products;
			sourceTree = "<group>";
		};
		E851E42726EEF830006EDE82 /* Set-app */ = {
			isa = PBXGroup;
			children = (
				E851E42826EEF831006EDE82 /* Set.swift */,
				E851E43926EEFA92006EDE82 /* SetGameModel.swift */,
				E851E43B26EF05E5006EDE82 /* SetGameViewModel.swift */,
				E851E43726EEFA15006EDE82 /* AspectVGrid.swift */,
				E851E42A26EEF831006EDE82 /* ContentView.swift */,
				E851E42C26EEF832006EDE82 /* Assets.xcassets */,
				E851E43126EEF832006EDE82 /* Info.plist */,
				E851E42E26EEF832006EDE82 /* Preview Content */,
			);
			path = "Set-app";
			sourceTree = "<group>";
		};
		E851E42E26EEF832006EDE82 /* Preview Content */ = {
			isa = PBXGroup;
			children = (
				E851E42F26EEF832006EDE82 /* Preview Assets.xcassets */,
			);
			path = "Preview Content";
			sourceTree = "<group>";
		};
/* End PBXGroup section */

/* Begin PBXNativeTarget section */
		E851E42426EEF830006EDE82 /* Set-app */ = {
			isa = PBXNativeTarget;
			buildConfigurationList = E851E43426EEF832006EDE82 /* Build configuration list for PBXNativeTarget "Set-app" */;
			buildPhases = (
				E851E42126EEF830006EDE82 /* Sources */,
				E851E42226EEF830006EDE82 /* Frameworks */,
				E851E42326EEF830006EDE82 /* Resources */,
			);
			buildRules = (
			);
			dependencies = (
			);
			name = "Set-app";
			productName = "Set-app";
			productReference = E851E42526EEF830006EDE82 /* Set-app.app */;
			productType = "com.apple.product-type.application";
		};
/* End PBXNativeTarget section */

/* Begin PBXProject section */
		E851E41D26EEF830006EDE82 /* Project object */ = {
			isa = PBXProject;
			attributes = {
				LastSwiftUpdateCheck = 1250;
				LastUpgradeCheck = 1250;
				TargetAttributes = {
					E851E42426EEF830006EDE82 = {
						CreatedOnToolsVersion = 12.5.1;
					};
				};
			};
			buildConfigurationList = E851E42026EEF830006EDE82 /* Build configuration list for PBXProject "Set-app" */;
			compatibilityVersion = "Xcode 9.3";
			developmentRegion = en;
			hasScannedForEncodings = 0;
			knownRegions = (
				en,
				Base,
			);
			mainGroup = E851E41C26EEF830006EDE82;
			productRefGroup = E851E42626EEF830006EDE82 /* Products */;
			projectDirPath = "";
			projectRoot = "";
			targets = (
				E851E42426EEF830006EDE82 /* Set-app */,
			);
		};
/* End PBXProject section */

/* Begin PBXResourcesBuildPhase section */
		E851E42326EEF830006EDE82 /* Resources */ = {
			isa = PBXResourcesBuildPhase;
			buildActionMask = 2147483647;
			files = (
				E851E43026EEF832006EDE82 /* Preview Assets.xcassets in Resources */,
				E851E42D26EEF832006EDE82 /* Assets.xcassets in Resources */,
			);
			runOnlyForDeploymentPostprocessing = 0;
		};
/* End PBXResourcesBuildPhase section */

/* Begin PBXSourcesBuildPhase section */
		E851E42126EEF830006EDE82 /* Sources */ = {
			isa = PBXSourcesBuildPhase;
			buildActionMask = 2147483647;
			files = (
				E851E42B26EEF831006EDE82 /* ContentView.swift in Sources */,
				E851E42926EEF831006EDE82 /* Set.swift in Sources */,
				E851E43A26EEFA92006EDE82 /* SetGameModel.swift in Sources */,
				E851E43826EEFA15006EDE82 /* AspectVGrid.swift in Sources */,
				E851E43C26EF05E5006EDE82 /* SetGameViewModel.swift in Sources */,
			);
			runOnlyForDeploymentPostprocessing = 0;
		};
/* End PBXSourcesBuildPhase section */

/* Begin XCBuildConfiguration section */
		E851E43226EEF832006EDE82 /* Debug */ = {
			isa = XCBuildConfiguration;
			buildSettings = {
				ALWAYS_SEARCH_USER_PATHS = NO;
				CLANG_ANALYZER_NONNULL = YES;
				CLANG_ANALYZER_NUMBER_OBJECT_CONVERSION = YES_AGGRESSIVE;
				CLANG_CXX_LANGUAGE_STANDARD = "gnu++14";
				CLANG_CXX_LIBRARY = "libc++";
				CLANG_ENABLE_MODULES = YES;
				CLANG_ENABLE_OBJC_ARC = YES;
				CLANG_ENABLE_OBJC_WEAK = YES;
				CLANG_WARN_BLOCK_CAPTURE_AUTORELEASING = YES;
				CLANG_WARN_BOOL_CONVERSION = YES;
				CLANG_WARN_COMMA = YES;
				CLANG_WARN_CONSTANT_CONVERSION = YES;
				CLANG_WARN_DEPRECATED_OBJC_IMPLEMENTATIONS = YES;
				CLANG_WARN_DIRECT_OBJC_ISA_USAGE = YES_ERROR;
				CLANG_WARN_DOCUMENTATION_COMMENTS = YES;
				CLANG_WARN_EMPTY_BODY = YES;
				CLANG_WARN_ENUM_CONVERSION = YES;
				CLANG_WARN_INFINITE_RECURSION = YES;
				CLANG_WARN_INT_CONVERSION = YES;
				CLANG_WARN_NON_LITERAL_NULL_CONVERSION = YES;
				CLANG_WARN_OBJC_IMPLICIT_RETAIN_SELF = YES;
				CLANG_WARN_OBJC_LITERAL_CONVERSION = YES;
				CLANG_WARN_OBJC_ROOT_CLASS = YES_ERROR;
				CLANG_WARN_QUOTED_INCLUDE_IN_FRAMEWORK_HEADER = YES;
				CLANG_WARN_RANGE_LOOP_ANALYSIS = YES;
				CLANG_WARN_STRICT_PROTOTYPES = YES;
				CLANG_WARN_SUSPICIOUS_MOVE = YES;
				CLANG_WARN_UNGUARDED_AVAILABILITY = YES_AGGRESSIVE;
				CLANG_WARN_UNREACHABLE_CODE = YES;
				CLANG_WARN__DUPLICATE_METHOD_MATCH = YES;
				COPY_PHASE_STRIP = NO;
				DEBUG_INFORMATION_FORMAT = dwarf;
				ENABLE_STRICT_OBJC_MSGSEND = YES;
				ENABLE_TESTABILITY = YES;
				GCC_C_LANGUAGE_STANDARD = gnu11;
				GCC_DYNAMIC_NO_PIC = NO;
				GCC_NO_COMMON_BLOCKS = YES;
				GCC_OPTIMIZATION_LEVEL = 0;
				GCC_PREPROCESSOR_DEFINITIONS = (
					"DEBUG=1",
					"$(inherited)",
				);
				GCC_WARN_64_TO_32_BIT_CONVERSION = YES;
				GCC_WARN_ABOUT_RETURN_TYPE = YES_ERROR;
				GCC_WARN_UNDECLARED_SELECTOR = YES;
				GCC_WARN_UNINITIALIZED_AUTOS = YES_AGGRESSIVE;
				GCC_WARN_UNUSED_FUNCTION = YES;
				GCC_WARN_UNUSED_VARIABLE = YES;
				IPHONEOS_DEPLOYMENT_TARGET = 14.5;
				MTL_ENABLE_DEBUG_INFO = INCLUDE_SOURCE;
				MTL_FAST_MATH = YES;
				ONLY_ACTIVE_ARCH = YES;
				SDKROOT = iphoneos;
				SWIFT_ACTIVE_COMPILATION_CONDITIONS = DEBUG;
				SWIFT_OPTIMIZATION_LEVEL = "-Onone";
			};
			name = Debug;
		};
		E851E43326EEF832006EDE82 /* Release */ = {
			isa = XCBuildConfiguration;
			buildSettings = {
				ALWAYS_SEARCH_USER_PATHS = NO;
				CLANG_ANALYZER_NONNULL = YES;
				CLANG_ANALYZER_NUMBER_OBJECT_CONVERSION = YES_AGGRESSIVE;
				CLANG_CXX_LANGUAGE_STANDARD = "gnu++14";
				CLANG_CXX_LIBRARY = "libc++";
				CLANG_ENABLE_MODULES = YES;
				CLANG_ENABLE_OBJC_ARC = YES;
				CLANG_ENABLE_OBJC_WEAK = YES;
				CLANG_WARN_BLOCK_CAPTURE_AUTORELEASING = YES;
				CLANG_WARN_BOOL_CONVERSION = YES;
				CLANG_WARN_COMMA = YES;
				CLANG_WARN_CONSTANT_CONVERSION = YES;
				CLANG_WARN_DEPRECATED_OBJC_IMPLEMENTATIONS = YES;
				CLANG_WARN_DIRECT_OBJC_ISA_USAGE = YES_ERROR;
				CLANG_WARN_DOCUMENTATION_COMMENTS = YES;
				CLANG_WARN_EMPTY_BODY = YES;
				CLANG_WARN_ENUM_CONVERSION = YES;
				CLANG_WARN_INFINITE_RECURSION = YES;
				CLANG_WARN_INT_CONVERSION = YES;
				CLANG_WARN_NON_LITERAL_NULL_CONVERSION = YES;
				CLANG_WARN_OBJC_IMPLICIT_RETAIN_SELF = YES;
				CLANG_WARN_OBJC_LITERAL_CONVERSION = YES;
				CLANG_WARN_OBJC_ROOT_CLASS = YES_ERROR;
				CLANG_WARN_QUOTED_INCLUDE_IN_FRAMEWORK_HEADER = YES;
				CLANG_WARN_RANGE_LOOP_ANALYSIS = YES;
				CLANG_WARN_STRICT_PROTOTYPES = YES;
				CLANG_WARN_SUSPICIOUS_MOVE = YES;
				CLANG_WARN_UNGUARDED_AVAILABILITY = YES_AGGRESSIVE;
				CLANG_WARN_UNREACHABLE_CODE = YES;
				CLANG_WARN__DUPLICATE_METHOD_MATCH = YES;
				COPY_PHASE_STRIP = NO;
				DEBUG_INFORMATION_FORMAT = "dwarf-with-dsym";
				ENABLE_NS_ASSERTIONS = NO;
				ENABLE_STRICT_OBJC_MSGSEND = YES;
				GCC_C_LANGUAGE_STANDARD = gnu11;
				GCC_NO_COMMON_BLOCKS = YES;
				GCC_WARN_64_TO_32_BIT_CONVERSION = YES;
				GCC_WARN_ABOUT_RETURN_TYPE = YES_ERROR;
				GCC_WARN_UNDECLARED_SELECTOR = YES;
				GCC_WARN_UNINITIALIZED_AUTOS = YES_AGGRESSIVE;
				GCC_WARN_UNUSED_FUNCTION = YES;
				GCC_WARN_UNUSED_VARIABLE = YES;
				IPHONEOS_DEPLOYMENT_TARGET = 14.5;
				MTL_ENABLE_DEBUG_INFO = NO;
				MTL_FAST_MATH = YES;
				SDKROOT = iphoneos;
				SWIFT_COMPILATION_MODE = wholemodule;
				SWIFT_OPTIMIZATION_LEVEL = "-O";
				VALIDATE_PRODUCT = YES;
			};
			name = Release;
		};
		E851E43526EEF832006EDE82 /* Debug */ = {
			isa = XCBuildConfiguration;
			buildSettings = {
				ASSETCATALOG_COMPILER_APPICON_NAME = AppIcon;
				ASSETCATALOG_COMPILER_GLOBAL_ACCENT_COLOR_NAME = AccentColor;
				CODE_SIGN_STYLE = Automatic;
				DEVELOPMENT_ASSET_PATHS = "\"Set-app/Preview Content\"";
				DEVELOPMENT_TEAM = KP5CAG4766;
				ENABLE_PREVIEWS = YES;
				INFOPLIST_FILE = "Set-app/Info.plist";
				IPHONEOS_DEPLOYMENT_TARGET = 14.0;
				LD_RUNPATH_SEARCH_PATHS = (
					"$(inherited)",
					"@executable_path/Frameworks",
				);
				PRODUCT_BUNDLE_IDENTIFIER = "com.brainvat.Set-app";
				PRODUCT_NAME = "$(TARGET_NAME)";
				SWIFT_VERSION = 5.0;
				TARGETED_DEVICE_FAMILY = "1,2";
			};
			name = Debug;
		};
		E851E43626EEF832006EDE82 /* Release */ = {
			isa = XCBuildConfiguration;
			buildSettings = {
				ASSETCATALOG_COMPILER_APPICON_NAME = AppIcon;
				ASSETCATALOG_COMPILER_GLOBAL_ACCENT_COLOR_NAME = AccentColor;
				CODE_SIGN_STYLE = Automatic;
				DEVELOPMENT_ASSET_PATHS = "\"Set-app/Preview Content\"";
				DEVELOPMENT_TEAM = KP5CAG4766;
				ENABLE_PREVIEWS = YES;
				INFOPLIST_FILE = "Set-app/Info.plist";
				IPHONEOS_DEPLOYMENT_TARGET = 14.0;
				LD_RUNPATH_SEARCH_PATHS = (
					"$(inherited)",
					"@executable_path/Frameworks",
				);
				PRODUCT_BUNDLE_IDENTIFIER = "com.brainvat.Set-app";
				PRODUCT_NAME = "$(TARGET_NAME)";
				SWIFT_VERSION = 5.0;
				TARGETED_DEVICE_FAMILY = "1,2";
			};
			name = Release;
		};
/* End XCBuildConfiguration section */

/* Begin XCConfigurationList section */
		E851E42026EEF830006EDE82 /* Build configuration list for PBXProject "Set-app" */ = {
			isa = XCConfigurationList;
			buildConfigurations = (
				E851E43226EEF832006EDE82 /* Debug */,
				E851E43326EEF832006EDE82 /* Release */,
			);
			defaultConfigurationIsVisible = 0;
			defaultConfigurationName = Release;
		};
		E851E43426EEF832006EDE82 /* Build configuration list for PBXNativeTarget "Set-app" */ = {
			isa = XCConfigurationList;
			buildConfigurations = (
				E851E43526EEF832006EDE82 /* Debug */,
				E851E43626EEF832006EDE82 /* Release */,
			);
			defaultConfigurationIsVisible = 0;
			defaultConfigurationName = Release;
		};
/* End XCConfigurationList section */
	};
	rootObject = E851E41D26EEF830006EDE82 /* Project object */;
}
